
Microsoft Visual Studio Solution File, Format Version 12.00
# Visual Studio Version 16
VisualStudioVersion = 16.0.32126.315
MinimumVisualStudioVersion = 10.0.40219.1
Project("{FAE04EC0-301F-11D3-BF4B-00C04F79EFBC}") = "ClassWork1", "ClassWork1\ClassWork1.csproj", "{3560E6D4-D3FE-4036-B414-5F96B426D658}"
EndProject
Project("{FAE04EC0-301F-11D3-BF4B-00C04F79EFBC}") = "HomeWork1", "HomeWork1\HomeWork1.csproj", "{0B6D3258-45C4-4C38-A60A-2369022744A2}"
EndProject
Project("{FAE04EC0-301F-11D3-BF4B-00C04F79EFBC}") = "ClassWork2", "ClassWork2\ClassWork2.csproj", "{2ADBE85D-ED99-46CF-9D9C-0B1E53F83DC9}"
EndProject
Project("{FAE04EC0-301F-11D3-BF4B-00C04F79EFBC}") = "HomeWork2", "HomeWork2\HomeWork2.csproj", "{FF10A689-95DD-4EBE-8400-6E1CF801C1D3}"
EndProject
Project("{FAE04EC0-301F-11D3-BF4B-00C04F79EFBC}") = "Metodichka2", "Metodichka2\Metodichka2.csproj", "{BE46F45A-8B12-42C6-85F6-32BBA6F10EE1}"
EndProject
Project("{FAE04EC0-301F-11D3-BF4B-00C04F79EFBC}") = "ClassWork3", "ClassWork3\ClassWork3.csproj", "{6DB86FCD-868E-424C-BACA-7883566F0E6B}"
EndProject
Project("{FAE04EC0-301F-11D3-BF4B-00C04F79EFBC}") = "HomeWork3", "HomeWork3\HomeWork3.csproj", "{275BECA1-E512-4630-A0B8-001084270646}"
EndProject
Project("{FAE04EC0-301F-11D3-BF4B-00C04F79EFBC}") = "Metodichka3", "Metodichka3\Metodichka3.csproj", "{76FDE94C-42AB-481B-B844-64A7851B8484}"
EndProject
Project("{FAE04EC0-301F-11D3-BF4B-00C04F79EFBC}") = "ClassWork4", "ClassWork4\ClassWork4.csproj", "{8BA28257-9565-4229-AA8F-1B521923B2EC}"
EndProject
Project("{FAE04EC0-301F-11D3-BF4B-00C04F79EFBC}") = "HomeWork4", "HomeWork4\HomeWork4.csproj", "{60B8F56A-81EF-43CA-990D-661B3F45D1A8}"
EndProject
Project("{FAE04EC0-301F-11D3-BF4B-00C04F79EFBC}") = "Metodichka4", "Metodichka4\Metodichka4.csproj", "{D01553DE-C0A9-4930-A0BE-314414300CAD}"
EndProject
Project("{FAE04EC0-301F-11D3-BF4B-00C04F79EFBC}") = "Interesnosti4", "Interesnosti4\Interesnosti4.csproj", "{6BADC637-6E4F-44C6-9C3E-78BC5B17FB48}"
EndProject
Project("{FAE04EC0-301F-11D3-BF4B-00C04F79EFBC}") = "ClassWork5", "ClassWork5\ClassWork5.csproj", "{F81804FA-140C-4D35-AD5E-D113F2F3E255}"
EndProject
Project("{FAE04EC0-301F-11D3-BF4B-00C04F79EFBC}") = "HomeWork5", "HomeWork5\HomeWork5.csproj", "{E54C3CAB-C238-4410-BCEB-0CE93D2E716C}"
EndProject
Project("{FAE04EC0-301F-11D3-BF4B-00C04F79EFBC}") = "Metodichka5", "Metodichka5\Metodichka5.csproj", "{18423676-D75F-418F-A579-127CE4D79AEA}"
EndProject
Project("{FAE04EC0-301F-11D3-BF4B-00C04F79EFBC}") = "ClassWork7", "ClassWork7\ClassWork7.csproj", "{D9684697-9771-4656-A581-191ED676183E}"
EndProject
Project("{FAE04EC0-301F-11D3-BF4B-00C04F79EFBC}") = "ClassWork8", "ClassWork8\ClassWork8.csproj", "{13370FB7-44CB-49D6-8549-98CEF3D71437}"
EndProject
Project("{FAE04EC0-301F-11D3-BF4B-00C04F79EFBC}") = "TaskManager", "TaskManager\TaskManager.csproj", "{33854023-818A-44DA-BA16-D6CF933686E8}"
EndProject
Project("{FAE04EC0-301F-11D3-BF4B-00C04F79EFBC}") = "Helloween", "Helloween\Helloween.csproj", "{2AF68136-2F62-47B4-929C-37B6BCE55017}"
EndProject
Project("{FAE04EC0-301F-11D3-BF4B-00C04F79EFBC}") = "ClassWork9", "ClassWork9\ClassWork9.csproj", "{5B73A178-41CE-4443-A4EA-22F1702833CD}"
EndProject
Project("{FAE04EC0-301F-11D3-BF4B-00C04F79EFBC}") = "ClassWork12", "ClassWork12\ClassWork12.csproj", "{3521F8A9-1FFA-4C9C-BE0E-59002ABC64E4}"
EndProject
Project("{FAE04EC0-301F-11D3-BF4B-00C04F79EFBC}") = "ClassWork11", "ClassWork11\ClassWork11.csproj", "{90F8AD82-6767-4FDA-8AA2-17A6DA153C96}"
EndProject
Project("{FAE04EC0-301F-11D3-BF4B-00C04F79EFBC}") = "Sortings", "Sortings\Sortings.csproj", "{05A9250B-8DD6-4D58-ABDB-5E286ED36F7C}"
EndProject
Project("{FAE04EC0-301F-11D3-BF4B-00C04F79EFBC}") = "FabricsLib", "BankAccountLib\FabricsLib.csproj", "{9F06FABF-5607-4B89-A278-C0487A59940C}"
EndProject
Project("{FAE04EC0-301F-11D3-BF4B-00C04F79EFBC}") = "ClassWork10", "ClassWork10\ClassWork10.csproj", "{862CA0BE-297F-4DAD-AF2D-AAA61457A0CB}"
EndProject
Project("{FAE04EC0-301F-11D3-BF4B-00C04F79EFBC}") = "ClassWork6", "ClassWork6\ClassWork6.csproj", "{869D1CB9-5D52-4910-9A8C-8731EDD60A86}"
EndProject
Project("{FAE04EC0-301F-11D3-BF4B-00C04F79EFBC}") = "SpecialTask", "SpecialTask\SpecialTask.csproj", "{E7CF018E-298C-443C-BC4F-37B78373D53D}"
EndProject
Project("{FAE04EC0-301F-11D3-BF4B-00C04F79EFBC}") = "TheStrangeProject", "TheStrangeProject\TheStrangeProject.csproj", "{D893249B-2042-410A-B4D2-963DCCC6F450}"
EndProject
Global
	GlobalSection(SolutionConfigurationPlatforms) = preSolution
		Debug|Any CPU = Debug|Any CPU
		Release|Any CPU = Release|Any CPU
	EndGlobalSection
	GlobalSection(ProjectConfigurationPlatforms) = postSolution
		{3560E6D4-D3FE-4036-B414-5F96B426D658}.Debug|Any CPU.ActiveCfg = Debug|Any CPU
		{3560E6D4-D3FE-4036-B414-5F96B426D658}.Debug|Any CPU.Build.0 = Debug|Any CPU
		{3560E6D4-D3FE-4036-B414-5F96B426D658}.Release|Any CPU.ActiveCfg = Release|Any CPU
		{3560E6D4-D3FE-4036-B414-5F96B426D658}.Release|Any CPU.Build.0 = Release|Any CPU
		{0B6D3258-45C4-4C38-A60A-2369022744A2}.Debug|Any CPU.ActiveCfg = Debug|Any CPU
		{0B6D3258-45C4-4C38-A60A-2369022744A2}.Debug|Any CPU.Build.0 = Debug|Any CPU
		{0B6D3258-45C4-4C38-A60A-2369022744A2}.Release|Any CPU.ActiveCfg = Release|Any CPU
		{0B6D3258-45C4-4C38-A60A-2369022744A2}.Release|Any CPU.Build.0 = Release|Any CPU
		{2ADBE85D-ED99-46CF-9D9C-0B1E53F83DC9}.Debug|Any CPU.ActiveCfg = Debug|Any CPU
		{2ADBE85D-ED99-46CF-9D9C-0B1E53F83DC9}.Debug|Any CPU.Build.0 = Debug|Any CPU
		{2ADBE85D-ED99-46CF-9D9C-0B1E53F83DC9}.Release|Any CPU.ActiveCfg = Release|Any CPU
		{2ADBE85D-ED99-46CF-9D9C-0B1E53F83DC9}.Release|Any CPU.Build.0 = Release|Any CPU
		{FF10A689-95DD-4EBE-8400-6E1CF801C1D3}.Debug|Any CPU.ActiveCfg = Debug|Any CPU
		{FF10A689-95DD-4EBE-8400-6E1CF801C1D3}.Debug|Any CPU.Build.0 = Debug|Any CPU
		{FF10A689-95DD-4EBE-8400-6E1CF801C1D3}.Release|Any CPU.ActiveCfg = Release|Any CPU
		{FF10A689-95DD-4EBE-8400-6E1CF801C1D3}.Release|Any CPU.Build.0 = Release|Any CPU
		{BE46F45A-8B12-42C6-85F6-32BBA6F10EE1}.Debug|Any CPU.ActiveCfg = Debug|Any CPU
		{BE46F45A-8B12-42C6-85F6-32BBA6F10EE1}.Debug|Any CPU.Build.0 = Debug|Any CPU
		{BE46F45A-8B12-42C6-85F6-32BBA6F10EE1}.Release|Any CPU.ActiveCfg = Release|Any CPU
		{BE46F45A-8B12-42C6-85F6-32BBA6F10EE1}.Release|Any CPU.Build.0 = Release|Any CPU
		{6DB86FCD-868E-424C-BACA-7883566F0E6B}.Debug|Any CPU.ActiveCfg = Debug|Any CPU
		{6DB86FCD-868E-424C-BACA-7883566F0E6B}.Debug|Any CPU.Build.0 = Debug|Any CPU
		{6DB86FCD-868E-424C-BACA-7883566F0E6B}.Release|Any CPU.ActiveCfg = Release|Any CPU
		{6DB86FCD-868E-424C-BACA-7883566F0E6B}.Release|Any CPU.Build.0 = Release|Any CPU
		{275BECA1-E512-4630-A0B8-001084270646}.Debug|Any CPU.ActiveCfg = Debug|Any CPU
		{275BECA1-E512-4630-A0B8-001084270646}.Debug|Any CPU.Build.0 = Debug|Any CPU
		{275BECA1-E512-4630-A0B8-001084270646}.Release|Any CPU.ActiveCfg = Release|Any CPU
		{275BECA1-E512-4630-A0B8-001084270646}.Release|Any CPU.Build.0 = Release|Any CPU
		{76FDE94C-42AB-481B-B844-64A7851B8484}.Debug|Any CPU.ActiveCfg = Debug|Any CPU
		{76FDE94C-42AB-481B-B844-64A7851B8484}.Debug|Any CPU.Build.0 = Debug|Any CPU
		{76FDE94C-42AB-481B-B844-64A7851B8484}.Release|Any CPU.ActiveCfg = Release|Any CPU
		{76FDE94C-42AB-481B-B844-64A7851B8484}.Release|Any CPU.Build.0 = Release|Any CPU
		{8BA28257-9565-4229-AA8F-1B521923B2EC}.Debug|Any CPU.ActiveCfg = Debug|Any CPU
		{8BA28257-9565-4229-AA8F-1B521923B2EC}.Debug|Any CPU.Build.0 = Debug|Any CPU
		{8BA28257-9565-4229-AA8F-1B521923B2EC}.Release|Any CPU.ActiveCfg = Release|Any CPU
		{8BA28257-9565-4229-AA8F-1B521923B2EC}.Release|Any CPU.Build.0 = Release|Any CPU
		{60B8F56A-81EF-43CA-990D-661B3F45D1A8}.Debug|Any CPU.ActiveCfg = Debug|Any CPU
		{60B8F56A-81EF-43CA-990D-661B3F45D1A8}.Debug|Any CPU.Build.0 = Debug|Any CPU
		{60B8F56A-81EF-43CA-990D-661B3F45D1A8}.Release|Any CPU.ActiveCfg = Release|Any CPU
		{60B8F56A-81EF-43CA-990D-661B3F45D1A8}.Release|Any CPU.Build.0 = Release|Any CPU
		{D01553DE-C0A9-4930-A0BE-314414300CAD}.Debug|Any CPU.ActiveCfg = Debug|Any CPU
		{D01553DE-C0A9-4930-A0BE-314414300CAD}.Debug|Any CPU.Build.0 = Debug|Any CPU
		{D01553DE-C0A9-4930-A0BE-314414300CAD}.Release|Any CPU.ActiveCfg = Release|Any CPU
		{D01553DE-C0A9-4930-A0BE-314414300CAD}.Release|Any CPU.Build.0 = Release|Any CPU
		{6BADC637-6E4F-44C6-9C3E-78BC5B17FB48}.Debug|Any CPU.ActiveCfg = Debug|Any CPU
		{6BADC637-6E4F-44C6-9C3E-78BC5B17FB48}.Debug|Any CPU.Build.0 = Debug|Any CPU
		{6BADC637-6E4F-44C6-9C3E-78BC5B17FB48}.Release|Any CPU.ActiveCfg = Release|Any CPU
		{6BADC637-6E4F-44C6-9C3E-78BC5B17FB48}.Release|Any CPU.Build.0 = Release|Any CPU
		{F81804FA-140C-4D35-AD5E-D113F2F3E255}.Debug|Any CPU.ActiveCfg = Debug|Any CPU
		{F81804FA-140C-4D35-AD5E-D113F2F3E255}.Debug|Any CPU.Build.0 = Debug|Any CPU
		{F81804FA-140C-4D35-AD5E-D113F2F3E255}.Release|Any CPU.ActiveCfg = Release|Any CPU
		{F81804FA-140C-4D35-AD5E-D113F2F3E255}.Release|Any CPU.Build.0 = Release|Any CPU
		{E54C3CAB-C238-4410-BCEB-0CE93D2E716C}.Debug|Any CPU.ActiveCfg = Debug|Any CPU
		{E54C3CAB-C238-4410-BCEB-0CE93D2E716C}.Debug|Any CPU.Build.0 = Debug|Any CPU
		{E54C3CAB-C238-4410-BCEB-0CE93D2E716C}.Release|Any CPU.ActiveCfg = Release|Any CPU
		{E54C3CAB-C238-4410-BCEB-0CE93D2E716C}.Release|Any CPU.Build.0 = Release|Any CPU
		{18423676-D75F-418F-A579-127CE4D79AEA}.Debug|Any CPU.ActiveCfg = Debug|Any CPU
		{18423676-D75F-418F-A579-127CE4D79AEA}.Debug|Any CPU.Build.0 = Debug|Any CPU
		{18423676-D75F-418F-A579-127CE4D79AEA}.Release|Any CPU.ActiveCfg = Release|Any CPU
		{18423676-D75F-418F-A579-127CE4D79AEA}.Release|Any CPU.Build.0 = Release|Any CPU
		{D9684697-9771-4656-A581-191ED676183E}.Debug|Any CPU.ActiveCfg = Debug|Any CPU
		{D9684697-9771-4656-A581-191ED676183E}.Debug|Any CPU.Build.0 = Debug|Any CPU
		{D9684697-9771-4656-A581-191ED676183E}.Release|Any CPU.ActiveCfg = Release|Any CPU
		{D9684697-9771-4656-A581-191ED676183E}.Release|Any CPU.Build.0 = Release|Any CPU
		{13370FB7-44CB-49D6-8549-98CEF3D71437}.Debug|Any CPU.ActiveCfg = Debug|Any CPU
		{13370FB7-44CB-49D6-8549-98CEF3D71437}.Debug|Any CPU.Build.0 = Debug|Any CPU
		{13370FB7-44CB-49D6-8549-98CEF3D71437}.Release|Any CPU.ActiveCfg = Release|Any CPU
		{13370FB7-44CB-49D6-8549-98CEF3D71437}.Release|Any CPU.Build.0 = Release|Any CPU
		{33854023-818A-44DA-BA16-D6CF933686E8}.Debug|Any CPU.ActiveCfg = Debug|Any CPU
		{33854023-818A-44DA-BA16-D6CF933686E8}.Debug|Any CPU.Build.0 = Debug|Any CPU
		{33854023-818A-44DA-BA16-D6CF933686E8}.Release|Any CPU.ActiveCfg = Release|Any CPU
		{33854023-818A-44DA-BA16-D6CF933686E8}.Release|Any CPU.Build.0 = Release|Any CPU
		{2AF68136-2F62-47B4-929C-37B6BCE55017}.Debug|Any CPU.ActiveCfg = Debug|Any CPU
		{2AF68136-2F62-47B4-929C-37B6BCE55017}.Debug|Any CPU.Build.0 = Debug|Any CPU
		{2AF68136-2F62-47B4-929C-37B6BCE55017}.Release|Any CPU.ActiveCfg = Release|Any CPU
		{2AF68136-2F62-47B4-929C-37B6BCE55017}.Release|Any CPU.Build.0 = Release|Any CPU
		{5B73A178-41CE-4443-A4EA-22F1702833CD}.Debug|Any CPU.ActiveCfg = Debug|Any CPU
		{5B73A178-41CE-4443-A4EA-22F1702833CD}.Debug|Any CPU.Build.0 = Debug|Any CPU
		{5B73A178-41CE-4443-A4EA-22F1702833CD}.Release|Any CPU.ActiveCfg = Release|Any CPU
		{5B73A178-41CE-4443-A4EA-22F1702833CD}.Release|Any CPU.Build.0 = Release|Any CPU
		{3521F8A9-1FFA-4C9C-BE0E-59002ABC64E4}.Debug|Any CPU.ActiveCfg = Debug|Any CPU
		{3521F8A9-1FFA-4C9C-BE0E-59002ABC64E4}.Debug|Any CPU.Build.0 = Debug|Any CPU
		{3521F8A9-1FFA-4C9C-BE0E-59002ABC64E4}.Release|Any CPU.ActiveCfg = Release|Any CPU
		{3521F8A9-1FFA-4C9C-BE0E-59002ABC64E4}.Release|Any CPU.Build.0 = Release|Any CPU
		{90F8AD82-6767-4FDA-8AA2-17A6DA153C96}.Debug|Any CPU.ActiveCfg = Debug|Any CPU
		{90F8AD82-6767-4FDA-8AA2-17A6DA153C96}.Debug|Any CPU.Build.0 = Debug|Any CPU
		{90F8AD82-6767-4FDA-8AA2-17A6DA153C96}.Release|Any CPU.ActiveCfg = Release|Any CPU
		{90F8AD82-6767-4FDA-8AA2-17A6DA153C96}.Release|Any CPU.Build.0 = Release|Any CPU
		{05A9250B-8DD6-4D58-ABDB-5E286ED36F7C}.Debug|Any CPU.ActiveCfg = Debug|Any CPU
		{05A9250B-8DD6-4D58-ABDB-5E286ED36F7C}.Debug|Any CPU.Build.0 = Debug|Any CPU
		{05A9250B-8DD6-4D58-ABDB-5E286ED36F7C}.Release|Any CPU.ActiveCfg = Release|Any CPU
		{05A9250B-8DD6-4D58-ABDB-5E286ED36F7C}.Release|Any CPU.Build.0 = Release|Any CPU
		{9F06FABF-5607-4B89-A278-C0487A59940C}.Debug|Any CPU.ActiveCfg = Debug|Any CPU
		{9F06FABF-5607-4B89-A278-C0487A59940C}.Debug|Any CPU.Build.0 = Debug|Any CPU
		{9F06FABF-5607-4B89-A278-C0487A59940C}.Release|Any CPU.ActiveCfg = Release|Any CPU
		{9F06FABF-5607-4B89-A278-C0487A59940C}.Release|Any CPU.Build.0 = Release|Any CPU
		{862CA0BE-297F-4DAD-AF2D-AAA61457A0CB}.Debug|Any CPU.ActiveCfg = Debug|Any CPU
		{862CA0BE-297F-4DAD-AF2D-AAA61457A0CB}.Debug|Any CPU.Build.0 = Debug|Any CPU
		{862CA0BE-297F-4DAD-AF2D-AAA61457A0CB}.Release|Any CPU.ActiveCfg = Release|Any CPU
		{862CA0BE-297F-4DAD-AF2D-AAA61457A0CB}.Release|Any CPU.Build.0 = Release|Any CPU
		{869D1CB9-5D52-4910-9A8C-8731EDD60A86}.Debug|Any CPU.ActiveCfg = Debug|Any CPU
		{869D1CB9-5D52-4910-9A8C-8731EDD60A86}.Debug|Any CPU.Build.0 = Debug|Any CPU
		{869D1CB9-5D52-4910-9A8C-8731EDD60A86}.Release|Any CPU.ActiveCfg = Release|Any CPU
		{869D1CB9-5D52-4910-9A8C-8731EDD60A86}.Release|Any CPU.Build.0 = Release|Any CPU
		{E7CF018E-298C-443C-BC4F-37B78373D53D}.Debug|Any CPU.ActiveCfg = Debug|Any CPU
		{E7CF018E-298C-443C-BC4F-37B78373D53D}.Debug|Any CPU.Build.0 = Debug|Any CPU
		{E7CF018E-298C-443C-BC4F-37B78373D53D}.Release|Any CPU.ActiveCfg = Release|Any CPU
		{E7CF018E-298C-443C-BC4F-37B78373D53D}.Release|Any CPU.Build.0 = Release|Any CPU
		{D893249B-2042-410A-B4D2-963DCCC6F450}.Debug|Any CPU.ActiveCfg = Debug|Any CPU
		{D893249B-2042-410A-B4D2-963DCCC6F450}.Debug|Any CPU.Build.0 = Debug|Any CPU
		{D893249B-2042-410A-B4D2-963DCCC6F450}.Release|Any CPU.ActiveCfg = Release|Any CPU
		{D893249B-2042-410A-B4D2-963DCCC6F450}.Release|Any CPU.Build.0 = Release|Any CPU
	EndGlobalSection
	GlobalSection(SolutionProperties) = preSolution
		HideSolutionNode = FALSE
	EndGlobalSection
	GlobalSection(ExtensibilityGlobals) = postSolution
		SolutionGuid = {018C8D4C-D096-4CB0-B27E-274AEB59560A}
	EndGlobalSection
EndGlobal
